
Microsoft Visual Studio Solution File, Format Version 12.00
# Visual Studio 15
VisualStudioVersion = 15.0.27825.0
MinimumVisualStudioVersion = 10.0.40219.1
Project("{9A19103F-16F7-4668-BE54-9A1E7A4F7556}") = "SMSApp", "SMSApp\SMSApp.csproj", "{A7D43DFF-D348-4936-B0AA-81EF2C39FF68}"
EndProject
Project("{9A19103F-16F7-4668-BE54-9A1E7A4F7556}") = "TwilioSMS", "TwilioSMS\TwilioSMS.csproj", "{A1983EA1-04DD-4A49-A871-BE01836CC653}"
EndProject
Project("{9A19103F-16F7-4668-BE54-9A1E7A4F7556}") = "TwilioSMSTests", "TwilioSMSTests\TwilioSMSTests.csproj", "{37B3BAE1-7221-4183-8726-8EE00A188C83}"
EndProject
Project("{FAE04EC0-301F-11D3-BF4B-00C04F79EFBC}") = "SMSManagers", "SMSManagers\SMSManagers.csproj", "{30CD5E4A-435E-4E26-8912-6F210BBD8D70}"
EndProject
Project("{FAE04EC0-301F-11D3-BF4B-00C04F79EFBC}") = "SMSManagersTests", "SMSManagersTests\SMSManagersTests.csproj", "{733D9DC3-17AC-40D8-A75D-E2B121F116D8}"
EndProject
Global
	GlobalSection(SolutionConfigurationPlatforms) = preSolution
		Debug|Any CPU = Debug|Any CPU
		Release|Any CPU = Release|Any CPU
	EndGlobalSection
	GlobalSection(ProjectConfigurationPlatforms) = postSolution
		{A7D43DFF-D348-4936-B0AA-81EF2C39FF68}.Debug|Any CPU.ActiveCfg = Debug|Any CPU
		{A7D43DFF-D348-4936-B0AA-81EF2C39FF68}.Debug|Any CPU.Build.0 = Debug|Any CPU
		{A7D43DFF-D348-4936-B0AA-81EF2C39FF68}.Release|Any CPU.ActiveCfg = Release|Any CPU
		{A7D43DFF-D348-4936-B0AA-81EF2C39FF68}.Release|Any CPU.Build.0 = Release|Any CPU
		{A1983EA1-04DD-4A49-A871-BE01836CC653}.Debug|Any CPU.ActiveCfg = Debug|Any CPU
		{A1983EA1-04DD-4A49-A871-BE01836CC653}.Debug|Any CPU.Build.0 = Debug|Any CPU
		{A1983EA1-04DD-4A49-A871-BE01836CC653}.Release|Any CPU.ActiveCfg = Release|Any CPU
		{A1983EA1-04DD-4A49-A871-BE01836CC653}.Release|Any CPU.Build.0 = Release|Any CPU
		{37B3BAE1-7221-4183-8726-8EE00A188C83}.Debug|Any CPU.ActiveCfg = Debug|Any CPU
		{37B3BAE1-7221-4183-8726-8EE00A188C83}.Debug|Any CPU.Build.0 = Debug|Any CPU
		{37B3BAE1-7221-4183-8726-8EE00A188C83}.Release|Any CPU.ActiveCfg = Release|Any CPU
		{37B3BAE1-7221-4183-8726-8EE00A188C83}.Release|Any CPU.Build.0 = Release|Any CPU
		{30CD5E4A-435E-4E26-8912-6F210BBD8D70}.Debug|Any CPU.ActiveCfg = Debug|Any CPU
		{30CD5E4A-435E-4E26-8912-6F210BBD8D70}.Debug|Any CPU.Build.0 = Debug|Any CPU
		{30CD5E4A-435E-4E26-8912-6F210BBD8D70}.Release|Any CPU.ActiveCfg = Release|Any CPU
		{30CD5E4A-435E-4E26-8912-6F210BBD8D70}.Release|Any CPU.Build.0 = Release|Any CPU
		{733D9DC3-17AC-40D8-A75D-E2B121F116D8}.Debug|Any CPU.ActiveCfg = Debug|Any CPU
		{733D9DC3-17AC-40D8-A75D-E2B121F116D8}.Debug|Any CPU.Build.0 = Debug|Any CPU
		{733D9DC3-17AC-40D8-A75D-E2B121F116D8}.Release|Any CPU.ActiveCfg = Release|Any CPU
		{733D9DC3-17AC-40D8-A75D-E2B121F116D8}.Release|Any CPU.Build.0 = Release|Any CPU
	EndGlobalSection
	GlobalSection(SolutionProperties) = preSolution
		HideSolutionNode = FALSE
	EndGlobalSection
	GlobalSection(ExtensibilityGlobals) = postSolution
		SolutionGuid = {D2D6338A-5D93-4AA1-8697-1477C20164C9}
	EndGlobalSection
EndGlobal
